{
    "_meta": {
        "hash": {
            "sha256": "698603f22802e9504079170532cee9e4dc0621b2c614a641891c61060c9bbe08"
        },
        "pipfile-spec": 6,
        "requires": {
            "python_version": "3.10"
        },
        "sources": [
            {
                "name": "pypi",
                "url": "https://pypi.org/simple",
                "verify_ssl": true
            }
        ]
    },
    "default": {
        "mysql-connector-python": {
            "hashes": [
                "sha256:04d75ec7c181e7907df3d40c2a573063f25ecfc5a95a7a90374861c02ce738a9",
                "sha256:47f059bc2a7378acd56ac7a60b0526a2ba95d96b696a875b5b233a0feae30980",
                "sha256:4d126ce5e03675d926a9e49ce1638d06af43ca7bac2b502d93373dc9425d386f",
                "sha256:50c87ff50762f4a0cc0816365dde0e7de763949e125488b8e872de6471e0e427",
                "sha256:687071dc9e51892d0861bbcbcbd48e0f3579e3155f2a0ec310198704137c775a",
                "sha256:73c5149b33401610e28589d1fc669cba11d3b16215a8f6a75f63ece1f3af5f88",
                "sha256:77ec293e265d01db1896a8e63a16b3d5c848a885cf76c77148adfed8453846e8",
                "sha256:78bb1abb57bbb85263d65a240a901195e3de0e0992f25e42c48af0869079bb74",
                "sha256:7d518491d6d51b186b3182b3698b1560d9bd80675c055163359d0aeea0001de1",
                "sha256:8d8dd02e0e6bb7262156a836c3e83582d1a1a1ebb9d72e777a46813709404601",
                "sha256:91be638d1b084835edf7aa426d85228174611a1cd6f016ca0f6d4339ac3d9d7b",
                "sha256:aaec9d13fc0177e421a3c4392f0eaf86347b825949d5dfc202d535cdb1e07f04",
                "sha256:b3a747c5efd6de7b76686ab93834186e2276a62684600dbede615537040436ca",
                "sha256:b4c5ce835078555b6640921cae036daad46884dd21027f43c742fb505221e4e6",
                "sha256:bb317b179bfbb3e86c771bb2b34794188a2d2b010cdaa1b4d1b5ea0961d0812c",
                "sha256:bd89598b173aa0fc525b59fff6e3598ff3cabad4260a3bb49cf420eac10d3b3b",
                "sha256:bdb4f187f737316d1c403085b2fb7c91717268d052ecbfc86066cef59f6d72a4",
                "sha256:c76d771fdce1314b07619efff184ec03f56abef6b4ccdc686d3a995f5b225fec",
                "sha256:d559f69e8b58ac248e37d30e5676718adf69eeff56ed8a7c03f064d74af68f99",
                "sha256:e008127430c8dc66bb1b6d6c7a17498ec57ffa81188fc1f8c9f764363c01d12e",
                "sha256:f5da43c77d409c8135132f5b5aee9ac91c2e97c3f87352e1b3017438a9cb9b82"
            ],
            "index": "pypi",
            "version": "==8.0.28"
        },
        "protobuf": {
            "hashes": [
                "sha256:072fbc78d705d3edc7ccac58a62c4c8e0cec856987da7df8aca86e647be4e35c",
                "sha256:09297b7972da685ce269ec52af761743714996b4381c085205914c41fcab59fb",
                "sha256:16f519de1313f1b7139ad70772e7db515b1420d208cb16c6d7858ea989fc64a9",
                "sha256:1c91ef4110fdd2c590effb5dca8fdbdcb3bf563eece99287019c4204f53d81a4",
                "sha256:3112b58aac3bac9c8be2b60a9daf6b558ca3f7681c130dcdd788ade7c9ffbdca",
                "sha256:36cecbabbda242915529b8ff364f2263cd4de7c46bbe361418b5ed859677ba58",
                "sha256:4276cdec4447bd5015453e41bdc0c0c1234eda08420b7c9a18b8d647add51e4b",
                "sha256:435bb78b37fc386f9275a7035fe4fb1364484e38980d0dd91bc834a02c5ec909",
                "sha256:48ed3877fa43e22bcacc852ca76d4775741f9709dd9575881a373bd3e85e54b2",
                "sha256:54a1473077f3b616779ce31f477351a45b4fef8c9fd7892d6d87e287a38df368",
                "sha256:69da7d39e39942bd52848438462674c463e23963a1fdaa84d88df7fbd7e749b2",
                "sha256:6cbc312be5e71869d9d5ea25147cdf652a6781cf4d906497ca7690b7b9b5df13",
                "sha256:7bb03bc2873a2842e5ebb4801f5c7ff1bfbdf426f85d0172f7644fcda0671ae0",
                "sha256:7ca7da9c339ca8890d66958f5462beabd611eca6c958691a8fe6eccbd1eb0c6e",
                "sha256:835a9c949dc193953c319603b2961c5c8f4327957fe23d914ca80d982665e8ee",
                "sha256:84123274d982b9e248a143dadd1b9815049f4477dc783bf84efe6250eb4b836a",
                "sha256:8961c3a78ebfcd000920c9060a262f082f29838682b1f7201889300c1fbe0616",
                "sha256:96bd766831596d6014ca88d86dc8fe0fb2e428c0b02432fd9db3943202bf8c5e",
                "sha256:9df0c10adf3e83015ced42a9a7bd64e13d06c4cf45c340d2c63020ea04499d0a",
                "sha256:b38057450a0c566cbd04890a40edf916db890f2818e8682221611d78dc32ae26",
                "sha256:bd95d1dfb9c4f4563e6093a9aa19d9c186bf98fa54da5252531cc0d3a07977e7",
                "sha256:c1068287025f8ea025103e37d62ffd63fec8e9e636246b89c341aeda8a67c934",
                "sha256:c438268eebb8cf039552897d78f402d734a404f1360592fef55297285f7f953f",
                "sha256:cdc076c03381f5c1d9bb1abdcc5503d9ca8b53cf0a9d31a9f6754ec9e6c8af0f",
                "sha256:f358aa33e03b7a84e0d91270a4d4d8f5df6921abe99a377828839e8ed0c04e07",
                "sha256:f51d5a9f137f7a2cec2d326a74b6e3fc79d635d69ffe1b036d39fc7d75430d37"
            ],
            "markers": "python_version >= '3.5'",
            "version": "==3.19.4"
        }
    },
    "develop": {}
}
